
Microsoft Visual Studio Solution File, Format Version 12.00
# Visual Studio Version 17
VisualStudioVersion = 17.12.35527.113
MinimumVisualStudioVersion = 10.0.40219.1
Project("{2150E333-8FDC-42A3-9474-1A3956D46DE8}") = "src", "src", "{B4666898-6241-4FFB-997C-C256CEF54093}"
EndProject
Project("{2150E333-8FDC-42A3-9474-1A3956D46DE8}") = "BuildingBlocks", "BuildingBlocks", "{8AFA59B9-CEAC-4A2E-A4C5-FA67B0E0FEF4}"
EndProject
Project("{FAE04EC0-301F-11D3-BF4B-00C04F79EFBC}") = "Core", "Core\Core.csproj", "{4B156FDA-7EDE-40DE-B4B8-D79C5D10C1F8}"
EndProject
Project("{FAE04EC0-301F-11D3-BF4B-00C04F79EFBC}") = "Core.DI", "DI\Core.DI.csproj", "{1B447C64-ACCD-4268-9992-4572020214D4}"
EndProject
Project("{FAE04EC0-301F-11D3-BF4B-00C04F79EFBC}") = "Core.MediatR", "MediatR\Core.MediatR.csproj", "{9AB35425-E0C0-42F8-BA0F-C0173414911F}"
EndProject
Project("{FAE04EC0-301F-11D3-BF4B-00C04F79EFBC}") = "Enums", "Enums\Enums.csproj", "{948731FD-D183-4FF9-9A7E-46AB5DCFC776}"
EndProject
Project("{FAE04EC0-301F-11D3-BF4B-00C04F79EFBC}") = "MessageBus", "MessageBus\MessageBus.csproj", "{1231D74F-9A36-4131-A66F-27FA824EC10F}"
EndProject
Project("{FAE04EC0-301F-11D3-BF4B-00C04F79EFBC}") = "MessagingAPI", "MessagingAPI\MessagingAPI.csproj", "{856A1BAD-8ED6-4EB5-BA38-3C37A0DB3C27}"
EndProject
Project("{2150E333-8FDC-42A3-9474-1A3956D46DE8}") = "Services", "Services", "{37A0A9C6-F1ED-4D10-982E-5B6391C2BEBA}"
EndProject
Project("{FAE04EC0-301F-11D3-BF4B-00C04F79EFBC}") = "ApiGateway", "ApiGateway\ApiGateway.csproj", "{F529EEBA-504C-4668-BD5F-00C34BE33C26}"
EndProject
Project("{FAE04EC0-301F-11D3-BF4B-00C04F79EFBC}") = "AuthService", "AuthService\AuthService.csproj", "{C291683B-8907-4B4A-9FC0-42830BF0EDED}"
EndProject
Project("{FAE04EC0-301F-11D3-BF4B-00C04F79EFBC}") = "Shared", "Shared\Shared.csproj", "{B9D4EABC-0E42-47A8-BA1D-2AB2828FF26E}"
EndProject
Project("{FAE04EC0-301F-11D3-BF4B-00C04F79EFBC}") = "UserService", "UserService\UserService.csproj", "{DA3A9D31-CCE4-433D-8ACE-1E9C08A13023}"
EndProject
Global
	GlobalSection(SolutionConfigurationPlatforms) = preSolution
		Debug|Any CPU = Debug|Any CPU
		Release|Any CPU = Release|Any CPU
	EndGlobalSection
	GlobalSection(ProjectConfigurationPlatforms) = postSolution
		{4B156FDA-7EDE-40DE-B4B8-D79C5D10C1F8}.Debug|Any CPU.ActiveCfg = Debug|Any CPU
		{4B156FDA-7EDE-40DE-B4B8-D79C5D10C1F8}.Debug|Any CPU.Build.0 = Debug|Any CPU
		{4B156FDA-7EDE-40DE-B4B8-D79C5D10C1F8}.Release|Any CPU.ActiveCfg = Release|Any CPU
		{4B156FDA-7EDE-40DE-B4B8-D79C5D10C1F8}.Release|Any CPU.Build.0 = Release|Any CPU
		{1B447C64-ACCD-4268-9992-4572020214D4}.Debug|Any CPU.ActiveCfg = Debug|Any CPU
		{1B447C64-ACCD-4268-9992-4572020214D4}.Debug|Any CPU.Build.0 = Debug|Any CPU
		{1B447C64-ACCD-4268-9992-4572020214D4}.Release|Any CPU.ActiveCfg = Release|Any CPU
		{1B447C64-ACCD-4268-9992-4572020214D4}.Release|Any CPU.Build.0 = Release|Any CPU
		{9AB35425-E0C0-42F8-BA0F-C0173414911F}.Debug|Any CPU.ActiveCfg = Debug|Any CPU
		{9AB35425-E0C0-42F8-BA0F-C0173414911F}.Debug|Any CPU.Build.0 = Debug|Any CPU
		{9AB35425-E0C0-42F8-BA0F-C0173414911F}.Release|Any CPU.ActiveCfg = Release|Any CPU
		{9AB35425-E0C0-42F8-BA0F-C0173414911F}.Release|Any CPU.Build.0 = Release|Any CPU
		{948731FD-D183-4FF9-9A7E-46AB5DCFC776}.Debug|Any CPU.ActiveCfg = Debug|Any CPU
		{948731FD-D183-4FF9-9A7E-46AB5DCFC776}.Debug|Any CPU.Build.0 = Debug|Any CPU
		{948731FD-D183-4FF9-9A7E-46AB5DCFC776}.Release|Any CPU.ActiveCfg = Release|Any CPU
		{948731FD-D183-4FF9-9A7E-46AB5DCFC776}.Release|Any CPU.Build.0 = Release|Any CPU
		{1231D74F-9A36-4131-A66F-27FA824EC10F}.Debug|Any CPU.ActiveCfg = Debug|Any CPU
		{1231D74F-9A36-4131-A66F-27FA824EC10F}.Debug|Any CPU.Build.0 = Debug|Any CPU
		{1231D74F-9A36-4131-A66F-27FA824EC10F}.Release|Any CPU.ActiveCfg = Release|Any CPU
		{1231D74F-9A36-4131-A66F-27FA824EC10F}.Release|Any CPU.Build.0 = Release|Any CPU
		{856A1BAD-8ED6-4EB5-BA38-3C37A0DB3C27}.Debug|Any CPU.ActiveCfg = Debug|Any CPU
		{856A1BAD-8ED6-4EB5-BA38-3C37A0DB3C27}.Debug|Any CPU.Build.0 = Debug|Any CPU
		{856A1BAD-8ED6-4EB5-BA38-3C37A0DB3C27}.Release|Any CPU.ActiveCfg = Release|Any CPU
		{856A1BAD-8ED6-4EB5-BA38-3C37A0DB3C27}.Release|Any CPU.Build.0 = Release|Any CPU
		{F529EEBA-504C-4668-BD5F-00C34BE33C26}.Debug|Any CPU.ActiveCfg = Debug|Any CPU
		{F529EEBA-504C-4668-BD5F-00C34BE33C26}.Debug|Any CPU.Build.0 = Debug|Any CPU
		{F529EEBA-504C-4668-BD5F-00C34BE33C26}.Release|Any CPU.ActiveCfg = Release|Any CPU
		{F529EEBA-504C-4668-BD5F-00C34BE33C26}.Release|Any CPU.Build.0 = Release|Any CPU
		{C291683B-8907-4B4A-9FC0-42830BF0EDED}.Debug|Any CPU.ActiveCfg = Debug|Any CPU
		{C291683B-8907-4B4A-9FC0-42830BF0EDED}.Debug|Any CPU.Build.0 = Debug|Any CPU
		{C291683B-8907-4B4A-9FC0-42830BF0EDED}.Release|Any CPU.ActiveCfg = Release|Any CPU
		{C291683B-8907-4B4A-9FC0-42830BF0EDED}.Release|Any CPU.Build.0 = Release|Any CPU
		{B9D4EABC-0E42-47A8-BA1D-2AB2828FF26E}.Debug|Any CPU.ActiveCfg = Debug|Any CPU
		{B9D4EABC-0E42-47A8-BA1D-2AB2828FF26E}.Debug|Any CPU.Build.0 = Debug|Any CPU
		{B9D4EABC-0E42-47A8-BA1D-2AB2828FF26E}.Release|Any CPU.ActiveCfg = Release|Any CPU
		{B9D4EABC-0E42-47A8-BA1D-2AB2828FF26E}.Release|Any CPU.Build.0 = Release|Any CPU
		{DA3A9D31-CCE4-433D-8ACE-1E9C08A13023}.Debug|Any CPU.ActiveCfg = Debug|Any CPU
		{DA3A9D31-CCE4-433D-8ACE-1E9C08A13023}.Debug|Any CPU.Build.0 = Debug|Any CPU
		{DA3A9D31-CCE4-433D-8ACE-1E9C08A13023}.Release|Any CPU.ActiveCfg = Release|Any CPU
		{DA3A9D31-CCE4-433D-8ACE-1E9C08A13023}.Release|Any CPU.Build.0 = Release|Any CPU
	EndGlobalSection
	GlobalSection(SolutionProperties) = preSolution
		HideSolutionNode = FALSE
	EndGlobalSection
	GlobalSection(NestedProjects) = preSolution
		{8AFA59B9-CEAC-4A2E-A4C5-FA67B0E0FEF4} = {B4666898-6241-4FFB-997C-C256CEF54093}
		{4B156FDA-7EDE-40DE-B4B8-D79C5D10C1F8} = {8AFA59B9-CEAC-4A2E-A4C5-FA67B0E0FEF4}
		{1B447C64-ACCD-4268-9992-4572020214D4} = {8AFA59B9-CEAC-4A2E-A4C5-FA67B0E0FEF4}
		{9AB35425-E0C0-42F8-BA0F-C0173414911F} = {8AFA59B9-CEAC-4A2E-A4C5-FA67B0E0FEF4}
		{948731FD-D183-4FF9-9A7E-46AB5DCFC776} = {8AFA59B9-CEAC-4A2E-A4C5-FA67B0E0FEF4}
		{1231D74F-9A36-4131-A66F-27FA824EC10F} = {8AFA59B9-CEAC-4A2E-A4C5-FA67B0E0FEF4}
		{856A1BAD-8ED6-4EB5-BA38-3C37A0DB3C27} = {8AFA59B9-CEAC-4A2E-A4C5-FA67B0E0FEF4}
		{37A0A9C6-F1ED-4D10-982E-5B6391C2BEBA} = {B4666898-6241-4FFB-997C-C256CEF54093}
		{F529EEBA-504C-4668-BD5F-00C34BE33C26} = {37A0A9C6-F1ED-4D10-982E-5B6391C2BEBA}
		{C291683B-8907-4B4A-9FC0-42830BF0EDED} = {37A0A9C6-F1ED-4D10-982E-5B6391C2BEBA}
		{B9D4EABC-0E42-47A8-BA1D-2AB2828FF26E} = {8AFA59B9-CEAC-4A2E-A4C5-FA67B0E0FEF4}
		{DA3A9D31-CCE4-433D-8ACE-1E9C08A13023} = {37A0A9C6-F1ED-4D10-982E-5B6391C2BEBA}
	EndGlobalSection
EndGlobal
